
Microsoft Visual Studio Solution File, Format Version 12.00
# Visual Studio 2012
Project("{FAE04EC0-301F-11D3-BF4B-00C04F79EFBC}") = "SystemFrameworkBinding", "SystemFrameworkBinding.csproj", "{83646A93-3499-4569-AE78-D1D3F2EF6648}"
EndProject
Project("{FAE04EC0-301F-11D3-BF4B-00C04F79EFBC}") = "TestBindingProject", "TestBindingProject\TestBindingProject.csproj", "{F6349CA0-6469-402F-B518-74110667EBF9}"
EndProject
Global
	GlobalSection(SolutionConfigurationPlatforms) = preSolution
		Debug|Any CPU = Debug|Any CPU
		Release|Any CPU = Release|Any CPU
	EndGlobalSection
	GlobalSection(ProjectConfigurationPlatforms) = postSolution
		{83646A93-3499-4569-AE78-D1D3F2EF6648}.Debug|Any CPU.ActiveCfg = Debug|Any CPU
		{83646A93-3499-4569-AE78-D1D3F2EF6648}.Debug|Any CPU.Build.0 = Debug|Any CPU
		{83646A93-3499-4569-AE78-D1D3F2EF6648}.Release|Any CPU.ActiveCfg = Release|Any CPU
		{83646A93-3499-4569-AE78-D1D3F2EF6648}.Release|Any CPU.Build.0 = Release|Any CPU
		{F6349CA0-6469-402F-B518-74110667EBF9}.Debug|Any CPU.ActiveCfg = Debug|Any CPU
		{F6349CA0-6469-402F-B518-74110667EBF9}.Debug|Any CPU.Build.0 = Debug|Any CPU
		{F6349CA0-6469-402F-B518-74110667EBF9}.Release|Any CPU.ActiveCfg = Release|Any CPU
		{F6349CA0-6469-402F-B518-74110667EBF9}.Release|Any CPU.Build.0 = Release|Any CPU
	EndGlobalSection
EndGlobal
