
Microsoft Visual Studio Solution File, Format Version 12.00
# Visual Studio 2012
Project("{FAE04EC0-301F-11D3-BF4B-00C04F79EFBC}") = "TacoLib", "TacoLib\TacoLib.csproj", "{575283D2-93A4-459C-A05F-091E150496E0}"
EndProject
Project("{FAE04EC0-301F-11D3-BF4B-00C04F79EFBC}") = "TacoFinder.Mac", "TacoFinder.Mac\TacoFinder.Mac.csproj", "{E183E9A6-E509-42A3-8421-60E6F77D7621}"
EndProject
Project("{FAE04EC0-301F-11D3-BF4B-00C04F79EFBC}") = "TacoFinder.iOS", "TacoFinder.iOS\TacoFinder.iOS.csproj", "{C64367EA-291F-40FD-B08B-215E802965F7}"
EndProject
Global
	GlobalSection(SolutionConfigurationPlatforms) = preSolution
		Debug|Any CPU = Debug|Any CPU
		Release|Any CPU = Release|Any CPU
		Debug|iPhoneSimulator = Debug|iPhoneSimulator
		Release|iPhone = Release|iPhone
		Release|iPhoneSimulator = Release|iPhoneSimulator
		Debug|iPhone = Debug|iPhone
	EndGlobalSection
	GlobalSection(ProjectConfigurationPlatforms) = postSolution
		{575283D2-93A4-459C-A05F-091E150496E0}.Debug|Any CPU.ActiveCfg = Debug|Any CPU
		{575283D2-93A4-459C-A05F-091E150496E0}.Debug|Any CPU.Build.0 = Debug|Any CPU
		{575283D2-93A4-459C-A05F-091E150496E0}.Release|Any CPU.ActiveCfg = Release|Any CPU
		{575283D2-93A4-459C-A05F-091E150496E0}.Release|Any CPU.Build.0 = Release|Any CPU
		{575283D2-93A4-459C-A05F-091E150496E0}.Debug|iPhoneSimulator.ActiveCfg = Debug|Any CPU
		{575283D2-93A4-459C-A05F-091E150496E0}.Debug|iPhoneSimulator.Build.0 = Debug|Any CPU
		{575283D2-93A4-459C-A05F-091E150496E0}.Release|iPhone.ActiveCfg = Release|Any CPU
		{575283D2-93A4-459C-A05F-091E150496E0}.Release|iPhone.Build.0 = Release|Any CPU
		{575283D2-93A4-459C-A05F-091E150496E0}.Release|iPhoneSimulator.ActiveCfg = Release|Any CPU
		{575283D2-93A4-459C-A05F-091E150496E0}.Release|iPhoneSimulator.Build.0 = Release|Any CPU
		{575283D2-93A4-459C-A05F-091E150496E0}.Debug|iPhone.ActiveCfg = Debug|Any CPU
		{575283D2-93A4-459C-A05F-091E150496E0}.Debug|iPhone.Build.0 = Debug|Any CPU
		{E183E9A6-E509-42A3-8421-60E6F77D7621}.Debug|Any CPU.ActiveCfg = Debug|Any CPU
		{E183E9A6-E509-42A3-8421-60E6F77D7621}.Debug|Any CPU.Build.0 = Debug|Any CPU
		{E183E9A6-E509-42A3-8421-60E6F77D7621}.Release|Any CPU.ActiveCfg = Release|Any CPU
		{E183E9A6-E509-42A3-8421-60E6F77D7621}.Release|Any CPU.Build.0 = Release|Any CPU
		{E183E9A6-E509-42A3-8421-60E6F77D7621}.Debug|iPhoneSimulator.ActiveCfg = Debug|Any CPU
		{E183E9A6-E509-42A3-8421-60E6F77D7621}.Debug|iPhoneSimulator.Build.0 = Debug|Any CPU
		{E183E9A6-E509-42A3-8421-60E6F77D7621}.Release|iPhone.ActiveCfg = Release|Any CPU
		{E183E9A6-E509-42A3-8421-60E6F77D7621}.Release|iPhone.Build.0 = Release|Any CPU
		{E183E9A6-E509-42A3-8421-60E6F77D7621}.Release|iPhoneSimulator.ActiveCfg = Release|Any CPU
		{E183E9A6-E509-42A3-8421-60E6F77D7621}.Release|iPhoneSimulator.Build.0 = Release|Any CPU
		{E183E9A6-E509-42A3-8421-60E6F77D7621}.Debug|iPhone.ActiveCfg = Debug|Any CPU
		{E183E9A6-E509-42A3-8421-60E6F77D7621}.Debug|iPhone.Build.0 = Debug|Any CPU
		{C64367EA-291F-40FD-B08B-215E802965F7}.Debug|Any CPU.ActiveCfg = Debug|iPhoneSimulator
		{C64367EA-291F-40FD-B08B-215E802965F7}.Debug|Any CPU.Build.0 = Debug|iPhoneSimulator
		{C64367EA-291F-40FD-B08B-215E802965F7}.Release|Any CPU.ActiveCfg = Release|iPhone
		{C64367EA-291F-40FD-B08B-215E802965F7}.Release|Any CPU.Build.0 = Release|iPhone
		{C64367EA-291F-40FD-B08B-215E802965F7}.Debug|iPhoneSimulator.ActiveCfg = Debug|iPhoneSimulator
		{C64367EA-291F-40FD-B08B-215E802965F7}.Debug|iPhoneSimulator.Build.0 = Debug|iPhoneSimulator
		{C64367EA-291F-40FD-B08B-215E802965F7}.Release|iPhone.ActiveCfg = Release|iPhone
		{C64367EA-291F-40FD-B08B-215E802965F7}.Release|iPhone.Build.0 = Release|iPhone
		{C64367EA-291F-40FD-B08B-215E802965F7}.Release|iPhoneSimulator.ActiveCfg = Release|iPhoneSimulator
		{C64367EA-291F-40FD-B08B-215E802965F7}.Release|iPhoneSimulator.Build.0 = Release|iPhoneSimulator
		{C64367EA-291F-40FD-B08B-215E802965F7}.Debug|iPhone.ActiveCfg = Debug|iPhone
		{C64367EA-291F-40FD-B08B-215E802965F7}.Debug|iPhone.Build.0 = Debug|iPhone
	EndGlobalSection
EndGlobal
