
Microsoft Visual Studio Solution File, Format Version 12.00
# Visual Studio 2012
Project("{FAE04EC0-301F-11D3-BF4B-00C04F79EFBC}") = "QuickLookLibrary", "QuickLookLibrary\QuickLookLibrary.csproj", "{790CA60D-F99A-45AA-A801-63E840957673}"
EndProject
Project("{FAE04EC0-301F-11D3-BF4B-00C04F79EFBC}") = "QuickLookLibraryTest", "QuickLookLibraryTest\QuickLookLibraryTest.csproj", "{10484BC1-7293-4108-BD5F-F6A9FF4C06C3}"
EndProject
Global
	GlobalSection(SolutionConfigurationPlatforms) = preSolution
		Debug|Any CPU = Debug|Any CPU
		Release|Any CPU = Release|Any CPU
	EndGlobalSection
	GlobalSection(ProjectConfigurationPlatforms) = postSolution
		{790CA60D-F99A-45AA-A801-63E840957673}.Debug|Any CPU.ActiveCfg = Debug|Any CPU
		{790CA60D-F99A-45AA-A801-63E840957673}.Debug|Any CPU.Build.0 = Debug|Any CPU
		{790CA60D-F99A-45AA-A801-63E840957673}.Release|Any CPU.ActiveCfg = Release|Any CPU
		{790CA60D-F99A-45AA-A801-63E840957673}.Release|Any CPU.Build.0 = Release|Any CPU
		{10484BC1-7293-4108-BD5F-F6A9FF4C06C3}.Debug|Any CPU.ActiveCfg = Debug|Any CPU
		{10484BC1-7293-4108-BD5F-F6A9FF4C06C3}.Debug|Any CPU.Build.0 = Debug|Any CPU
		{10484BC1-7293-4108-BD5F-F6A9FF4C06C3}.Release|Any CPU.ActiveCfg = Release|Any CPU
		{10484BC1-7293-4108-BD5F-F6A9FF4C06C3}.Release|Any CPU.Build.0 = Release|Any CPU
	EndGlobalSection
EndGlobal
